// !$*UTF8*$!
{
	archiveVersion = 1;
	classes = {
	};
	objectVersion = 46;
	objects = {

/* Begin PBXBuildFile section */
		946891951EE43A8300AA1165 /* AppDelegate.swift in Sources */ = {isa = PBXBuildFile; fileRef = 946891941EE43A8300AA1165 /* AppDelegate.swift */; };
		946891971EE43A8300AA1165 /* GameScene.sks in Resources */ = {isa = PBXBuildFile; fileRef = 946891961EE43A8300AA1165 /* GameScene.sks */; };
		9468919B1EE43A8300AA1165 /* GameScene.swift in Sources */ = {isa = PBXBuildFile; fileRef = 9468919A1EE43A8300AA1165 /* GameScene.swift */; };
		9468919D1EE43A8300AA1165 /* GameViewController.swift in Sources */ = {isa = PBXBuildFile; fileRef = 9468919C1EE43A8300AA1165 /* GameViewController.swift */; };
		946891A01EE43A8300AA1165 /* Main.storyboard in Resources */ = {isa = PBXBuildFile; fileRef = 9468919E1EE43A8300AA1165 /* Main.storyboard */; };
		946891A21EE43A8300AA1165 /* Assets.xcassets in Resources */ = {isa = PBXBuildFile; fileRef = 946891A11EE43A8300AA1165 /* Assets.xcassets */; };
		946891A51EE43A8300AA1165 /* LaunchScreen.storyboard in Resources */ = {isa = PBXBuildFile; fileRef = 946891A31EE43A8300AA1165 /* LaunchScreen.storyboard */; };
		94CD7DE41EE844ED00017743 /* background.jpg in Resources */ = {isa = PBXBuildFile; fileRef = 94CD7DC81EE844EC00017743 /* background.jpg */; };
		94CD7DE51EE844ED00017743 /* background@2x.jpg in Resources */ = {isa = PBXBuildFile; fileRef = 94CD7DC91EE844EC00017743 /* background@2x.jpg */; };
		94CD7DE61EE844ED00017743 /* ballBlue.png in Resources */ = {isa = PBXBuildFile; fileRef = 94CD7DCA1EE844EC00017743 /* ballBlue.png */; };
		94CD7DE71EE844ED00017743 /* ballBlue@2x.png in Resources */ = {isa = PBXBuildFile; fileRef = 94CD7DCB1EE844EC00017743 /* ballBlue@2x.png */; };
		94CD7DE81EE844ED00017743 /* ballCyan.png in Resources */ = {isa = PBXBuildFile; fileRef = 94CD7DCC1EE844EC00017743 /* ballCyan.png */; };
		94CD7DE91EE844ED00017743 /* ballCyan@2x.png in Resources */ = {isa = PBXBuildFile; fileRef = 94CD7DCD1EE844ED00017743 /* ballCyan@2x.png */; };
		94CD7DEA1EE844ED00017743 /* ballGreen.png in Resources */ = {isa = PBXBuildFile; fileRef = 94CD7DCE1EE844ED00017743 /* ballGreen.png */; };
		94CD7DEB1EE844ED00017743 /* ballGreen@2x.png in Resources */ = {isa = PBXBuildFile; fileRef = 94CD7DCF1EE844ED00017743 /* ballGreen@2x.png */; };
		94CD7DEC1EE844ED00017743 /* ballGrey.png in Resources */ = {isa = PBXBuildFile; fileRef = 94CD7DD01EE844ED00017743 /* ballGrey.png */; };
		94CD7DED1EE844ED00017743 /* ballGrey@2x.png in Resources */ = {isa = PBXBuildFile; fileRef = 94CD7DD11EE844ED00017743 /* ballGrey@2x.png */; };
		94CD7DEE1EE844ED00017743 /* ballPurple.png in Resources */ = {isa = PBXBuildFile; fileRef = 94CD7DD21EE844ED00017743 /* ballPurple.png */; };
		94CD7DEF1EE844ED00017743 /* ballPurple@2x.png in Resources */ = {isa = PBXBuildFile; fileRef = 94CD7DD31EE844ED00017743 /* ballPurple@2x.png */; };
		94CD7DF01EE844ED00017743 /* ballRed.png in Resources */ = {isa = PBXBuildFile; fileRef = 94CD7DD41EE844ED00017743 /* ballRed.png */; };
		94CD7DF11EE844ED00017743 /* ballRed@2x.png in Resources */ = {isa = PBXBuildFile; fileRef = 94CD7DD51EE844ED00017743 /* ballRed@2x.png */; };
		94CD7DF21EE844ED00017743 /* ballYellow.png in Resources */ = {isa = PBXBuildFile; fileRef = 94CD7DD61EE844ED00017743 /* ballYellow.png */; };
		94CD7DF31EE844ED00017743 /* ballYellow@2x.png in Resources */ = {isa = PBXBuildFile; fileRef = 94CD7DD71EE844ED00017743 /* ballYellow@2x.png */; };
		94CD7DF41EE844ED00017743 /* bouncer.png in Resources */ = {isa = PBXBuildFile; fileRef = 94CD7DD81EE844ED00017743 /* bouncer.png */; };
		94CD7DF51EE844ED00017743 /* bouncer@2x.png in Resources */ = {isa = PBXBuildFile; fileRef = 94CD7DD91EE844ED00017743 /* bouncer@2x.png */; };
		94CD7DF61EE844ED00017743 /* FireParticles.sks in Resources */ = {isa = PBXBuildFile; fileRef = 94CD7DDA1EE844ED00017743 /* FireParticles.sks */; };
		94CD7DF71EE844ED00017743 /* slotBaseBad.png in Resources */ = {isa = PBXBuildFile; fileRef = 94CD7DDB1EE844ED00017743 /* slotBaseBad.png */; };
		94CD7DF81EE844ED00017743 /* slotBaseBad@2x.png in Resources */ = {isa = PBXBuildFile; fileRef = 94CD7DDC1EE844ED00017743 /* slotBaseBad@2x.png */; };
		94CD7DF91EE844ED00017743 /* slotBaseGood.png in Resources */ = {isa = PBXBuildFile; fileRef = 94CD7DDD1EE844ED00017743 /* slotBaseGood.png */; };
		94CD7DFA1EE844ED00017743 /* slotBaseGood@2x.png in Resources */ = {isa = PBXBuildFile; fileRef = 94CD7DDE1EE844ED00017743 /* slotBaseGood@2x.png */; };
		94CD7DFB1EE844ED00017743 /* slotGlowBad.png in Resources */ = {isa = PBXBuildFile; fileRef = 94CD7DDF1EE844ED00017743 /* slotGlowBad.png */; };
		94CD7DFC1EE844ED00017743 /* slotGlowBad@2x.png in Resources */ = {isa = PBXBuildFile; fileRef = 94CD7DE01EE844ED00017743 /* slotGlowBad@2x.png */; };
		94CD7DFD1EE844ED00017743 /* slotGlowGood.png in Resources */ = {isa = PBXBuildFile; fileRef = 94CD7DE11EE844ED00017743 /* slotGlowGood.png */; };
		94CD7DFE1EE844ED00017743 /* slotGlowGood@2x.png in Resources */ = {isa = PBXBuildFile; fileRef = 94CD7DE21EE844ED00017743 /* slotGlowGood@2x.png */; };
		94CD7DFF1EE844ED00017743 /* spark.png in Resources */ = {isa = PBXBuildFile; fileRef = 94CD7DE31EE844ED00017743 /* spark.png */; };
		94F813781EE9487B00F9FBAE /* Helper.swift in Sources */ = {isa = PBXBuildFile; fileRef = 94F813771EE9487B00F9FBAE /* Helper.swift */; };
/* End PBXBuildFile section */

/* Begin PBXFileReference section */
		946891911EE43A8300AA1165 /* Project11.app */ = {isa = PBXFileReference; explicitFileType = wrapper.application; includeInIndex = 0; path = Project11.app; sourceTree = BUILT_PRODUCTS_DIR; };
		946891941EE43A8300AA1165 /* AppDelegate.swift */ = {isa = PBXFileReference; lastKnownFileType = sourcecode.swift; path = AppDelegate.swift; sourceTree = "<group>"; };
		946891961EE43A8300AA1165 /* GameScene.sks */ = {isa = PBXFileReference; lastKnownFileType = file.sks; path = GameScene.sks; sourceTree = "<group>"; };
		9468919A1EE43A8300AA1165 /* GameScene.swift */ = {isa = PBXFileReference; lastKnownFileType = sourcecode.swift; path = GameScene.swift; sourceTree = "<group>"; };
		9468919C1EE43A8300AA1165 /* GameViewController.swift */ = {isa = PBXFileReference; lastKnownFileType = sourcecode.swift; path = GameViewController.swift; sourceTree = "<group>"; };
		9468919F1EE43A8300AA1165 /* Base */ = {isa = PBXFileReference; lastKnownFileType = file.storyboard; name = Base; path = Base.lproj/Main.storyboard; sourceTree = "<group>"; };
		946891A11EE43A8300AA1165 /* Assets.xcassets */ = {isa = PBXFileReference; lastKnownFileType = folder.assetcatalog; path = Assets.xcassets; sourceTree = "<group>"; };
		946891A41EE43A8300AA1165 /* Base */ = {isa = PBXFileReference; lastKnownFileType = file.storyboard; name = Base; path = Base.lproj/LaunchScreen.storyboard; sourceTree = "<group>"; };
		946891A61EE43A8300AA1165 /* Info.plist */ = {isa = PBXFileReference; lastKnownFileType = text.plist.xml; path = Info.plist; sourceTree = "<group>"; };
		94CD7DC81EE844EC00017743 /* background.jpg */ = {isa = PBXFileReference; lastKnownFileType = image.jpeg; path = background.jpg; sourceTree = "<group>"; };
		94CD7DC91EE844EC00017743 /* background@2x.jpg */ = {isa = PBXFileReference; lastKnownFileType = image.jpeg; path = "background@2x.jpg"; sourceTree = "<group>"; };
		94CD7DCA1EE844EC00017743 /* ballBlue.png */ = {isa = PBXFileReference; lastKnownFileType = image.png; path = ballBlue.png; sourceTree = "<group>"; };
		94CD7DCB1EE844EC00017743 /* ballBlue@2x.png */ = {isa = PBXFileReference; lastKnownFileType = image.png; path = "ballBlue@2x.png"; sourceTree = "<group>"; };
		94CD7DCC1EE844EC00017743 /* ballCyan.png */ = {isa = PBXFileReference; lastKnownFileType = image.png; path = ballCyan.png; sourceTree = "<group>"; };
		94CD7DCD1EE844ED00017743 /* ballCyan@2x.png */ = {isa = PBXFileReference; lastKnownFileType = image.png; path = "ballCyan@2x.png"; sourceTree = "<group>"; };
		94CD7DCE1EE844ED00017743 /* ballGreen.png */ = {isa = PBXFileReference; lastKnownFileType = image.png; path = ballGreen.png; sourceTree = "<group>"; };
		94CD7DCF1EE844ED00017743 /* ballGreen@2x.png */ = {isa = PBXFileReference; lastKnownFileType = image.png; path = "ballGreen@2x.png"; sourceTree = "<group>"; };
		94CD7DD01EE844ED00017743 /* ballGrey.png */ = {isa = PBXFileReference; lastKnownFileType = image.png; path = ballGrey.png; sourceTree = "<group>"; };
		94CD7DD11EE844ED00017743 /* ballGrey@2x.png */ = {isa = PBXFileReference; lastKnownFileType = image.png; path = "ballGrey@2x.png"; sourceTree = "<group>"; };
		94CD7DD21EE844ED00017743 /* ballPurple.png */ = {isa = PBXFileReference; lastKnownFileType = image.png; path = ballPurple.png; sourceTree = "<group>"; };
		94CD7DD31EE844ED00017743 /* ballPurple@2x.png */ = {isa = PBXFileReference; lastKnownFileType = image.png; path = "ballPurple@2x.png"; sourceTree = "<group>"; };
		94CD7DD41EE844ED00017743 /* ballRed.png */ = {isa = PBXFileReference; lastKnownFileType = image.png; path = ballRed.png; sourceTree = "<group>"; };
		94CD7DD51EE844ED00017743 /* ballRed@2x.png */ = {isa = PBXFileReference; lastKnownFileType = image.png; path = "ballRed@2x.png"; sourceTree = "<group>"; };
		94CD7DD61EE844ED00017743 /* ballYellow.png */ = {isa = PBXFileReference; lastKnownFileType = image.png; path = ballYellow.png; sourceTree = "<group>"; };
		94CD7DD71EE844ED00017743 /* ballYellow@2x.png */ = {isa = PBXFileReference; lastKnownFileType = image.png; path = "ballYellow@2x.png"; sourceTree = "<group>"; };
		94CD7DD81EE844ED00017743 /* bouncer.png */ = {isa = PBXFileReference; lastKnownFileType = image.png; path = bouncer.png; sourceTree = "<group>"; };
		94CD7DD91EE844ED00017743 /* bouncer@2x.png */ = {isa = PBXFileReference; lastKnownFileType = image.png; path = "bouncer@2x.png"; sourceTree = "<group>"; };
		94CD7DDA1EE844ED00017743 /* FireParticles.sks */ = {isa = PBXFileReference; lastKnownFileType = file.sks; path = FireParticles.sks; sourceTree = "<group>"; };
		94CD7DDB1EE844ED00017743 /* slotBaseBad.png */ = {isa = PBXFileReference; lastKnownFileType = image.png; path = slotBaseBad.png; sourceTree = "<group>"; };
		94CD7DDC1EE844ED00017743 /* slotBaseBad@2x.png */ = {isa = PBXFileReference; lastKnownFileType = image.png; path = "slotBaseBad@2x.png"; sourceTree = "<group>"; };
		94CD7DDD1EE844ED00017743 /* slotBaseGood.png */ = {isa = PBXFileReference; lastKnownFileType = image.png; path = slotBaseGood.png; sourceTree = "<group>"; };
		94CD7DDE1EE844ED00017743 /* slotBaseGood@2x.png */ = {isa = PBXFileReference; lastKnownFileType = image.png; path = "slotBaseGood@2x.png"; sourceTree = "<group>"; };
		94CD7DDF1EE844ED00017743 /* slotGlowBad.png */ = {isa = PBXFileReference; lastKnownFileType = image.png; path = slotGlowBad.png; sourceTree = "<group>"; };
		94CD7DE01EE844ED00017743 /* slotGlowBad@2x.png */ = {isa = PBXFileReference; lastKnownFileType = image.png; path = "slotGlowBad@2x.png"; sourceTree = "<group>"; };
		94CD7DE11EE844ED00017743 /* slotGlowGood.png */ = {isa = PBXFileReference; lastKnownFileType = image.png; path = slotGlowGood.png; sourceTree = "<group>"; };
		94CD7DE21EE844ED00017743 /* slotGlowGood@2x.png */ = {isa = PBXFileReference; lastKnownFileType = image.png; path = "slotGlowGood@2x.png"; sourceTree = "<group>"; };
		94CD7DE31EE844ED00017743 /* spark.png */ = {isa = PBXFileReference; lastKnownFileType = image.png; path = spark.png; sourceTree = "<group>"; };
		94F813771EE9487B00F9FBAE /* Helper.swift */ = {isa = PBXFileReference; fileEncoding = 4; lastKnownFileType = sourcecode.swift; name = Helper.swift; path = Content/Helper.swift; sourceTree = "<group>"; };
/* End PBXFileReference section */

/* Begin PBXFrameworksBuildPhase section */
		9468918E1EE43A8300AA1165 /* Frameworks */ = {
			isa = PBXFrameworksBuildPhase;
			buildActionMask = 2147483647;
			files = (
			);
			runOnlyForDeploymentPostprocessing = 0;
		};
/* End PBXFrameworksBuildPhase section */

/* Begin PBXGroup section */
		946891881EE43A8300AA1165 = {
			isa = PBXGroup;
			children = (
				946891931EE43A8300AA1165 /* Project11 */,
				946891921EE43A8300AA1165 /* Products */,
			);
			sourceTree = "<group>";
		};
		946891921EE43A8300AA1165 /* Products */ = {
			isa = PBXGroup;
			children = (
				946891911EE43A8300AA1165 /* Project11.app */,
			);
			name = Products;
			sourceTree = "<group>";
		};
		946891931EE43A8300AA1165 /* Project11 */ = {
			isa = PBXGroup;
			children = (
				946891941EE43A8300AA1165 /* AppDelegate.swift */,
				946891961EE43A8300AA1165 /* GameScene.sks */,
				9468919A1EE43A8300AA1165 /* GameScene.swift */,
				9468919C1EE43A8300AA1165 /* GameViewController.swift */,
				9468919E1EE43A8300AA1165 /* Main.storyboard */,
				946891A11EE43A8300AA1165 /* Assets.xcassets */,
				94CD7DC71EE844EC00017743 /* Content */,
				94F813771EE9487B00F9FBAE /* Helper.swift */,
				946891A31EE43A8300AA1165 /* LaunchScreen.storyboard */,
				946891A61EE43A8300AA1165 /* Info.plist */,
			);
			path = Project11;
			sourceTree = "<group>";
		};
		94CD7DC71EE844EC00017743 /* Content */ = {
			isa = PBXGroup;
			children = (
				94CD7DC81EE844EC00017743 /* background.jpg */,
				94CD7DC91EE844EC00017743 /* background@2x.jpg */,
				94CD7DCA1EE844EC00017743 /* ballBlue.png */,
				94CD7DCB1EE844EC00017743 /* ballBlue@2x.png */,
				94CD7DCC1EE844EC00017743 /* ballCyan.png */,
				94CD7DCD1EE844ED00017743 /* ballCyan@2x.png */,
				94CD7DCE1EE844ED00017743 /* ballGreen.png */,
				94CD7DCF1EE844ED00017743 /* ballGreen@2x.png */,
				94CD7DD01EE844ED00017743 /* ballGrey.png */,
				94CD7DD11EE844ED00017743 /* ballGrey@2x.png */,
				94CD7DD21EE844ED00017743 /* ballPurple.png */,
				94CD7DD31EE844ED00017743 /* ballPurple@2x.png */,
				94CD7DD41EE844ED00017743 /* ballRed.png */,
				94CD7DD51EE844ED00017743 /* ballRed@2x.png */,
				94CD7DD61EE844ED00017743 /* ballYellow.png */,
				94CD7DD71EE844ED00017743 /* ballYellow@2x.png */,
				94CD7DD81EE844ED00017743 /* bouncer.png */,
				94CD7DD91EE844ED00017743 /* bouncer@2x.png */,
				94CD7DDA1EE844ED00017743 /* FireParticles.sks */,
				94CD7DDB1EE844ED00017743 /* slotBaseBad.png */,
				94CD7DDC1EE844ED00017743 /* slotBaseBad@2x.png */,
				94CD7DDD1EE844ED00017743 /* slotBaseGood.png */,
				94CD7DDE1EE844ED00017743 /* slotBaseGood@2x.png */,
				94CD7DDF1EE844ED00017743 /* slotGlowBad.png */,
				94CD7DE01EE844ED00017743 /* slotGlowBad@2x.png */,
				94CD7DE11EE844ED00017743 /* slotGlowGood.png */,
				94CD7DE21EE844ED00017743 /* slotGlowGood@2x.png */,
				94CD7DE31EE844ED00017743 /* spark.png */,
			);
			path = Content;
			sourceTree = "<group>";
		};
/* End PBXGroup section */

/* Begin PBXNativeTarget section */
		946891901EE43A8300AA1165 /* Project11 */ = {
			isa = PBXNativeTarget;
			buildConfigurationList = 946891A91EE43A8300AA1165 /* Build configuration list for PBXNativeTarget "Project11" */;
			buildPhases = (
				9468918D1EE43A8300AA1165 /* Sources */,
				9468918E1EE43A8300AA1165 /* Frameworks */,
				9468918F1EE43A8300AA1165 /* Resources */,
			);
			buildRules = (
			);
			dependencies = (
			);
			name = Project11;
			productName = Project11;
			productReference = 946891911EE43A8300AA1165 /* Project11.app */;
			productType = "com.apple.product-type.application";
		};
/* End PBXNativeTarget section */

/* Begin PBXProject section */
		946891891EE43A8300AA1165 /* Project object */ = {
			isa = PBXProject;
			attributes = {
				LastSwiftUpdateCheck = 0830;
				LastUpgradeCheck = 0830;
				ORGANIZATIONNAME = "James Slusser";
				TargetAttributes = {
					946891901EE43A8300AA1165 = {
						CreatedOnToolsVersion = 8.3.2;
						DevelopmentTeam = K373EY5YU9;
						ProvisioningStyle = Automatic;
					};
				};
			};
			buildConfigurationList = 9468918C1EE43A8300AA1165 /* Build configuration list for PBXProject "Project11" */;
			compatibilityVersion = "Xcode 3.2";
			developmentRegion = English;
			hasScannedForEncodings = 0;
			knownRegions = (
				en,
				Base,
			);
			mainGroup = 946891881EE43A8300AA1165;
			productRefGroup = 946891921EE43A8300AA1165 /* Products */;
			projectDirPath = "";
			projectRoot = "";
			targets = (
				946891901EE43A8300AA1165 /* Project11 */,
			);
		};
/* End PBXProject section */

/* Begin PBXResourcesBuildPhase section */
		9468918F1EE43A8300AA1165 /* Resources */ = {
			isa = PBXResourcesBuildPhase;
			buildActionMask = 2147483647;
			files = (
				94CD7DED1EE844ED00017743 /* ballGrey@2x.png in Resources */,
				94CD7DEF1EE844ED00017743 /* ballPurple@2x.png in Resources */,
				94CD7DFC1EE844ED00017743 /* slotGlowBad@2x.png in Resources */,
				94CD7DE81EE844ED00017743 /* ballCyan.png in Resources */,
				94CD7DF91EE844ED00017743 /* slotBaseGood.png in Resources */,
				946891A01EE43A8300AA1165 /* Main.storyboard in Resources */,
				94CD7DE61EE844ED00017743 /* ballBlue.png in Resources */,
				94CD7DFD1EE844ED00017743 /* slotGlowGood.png in Resources */,
				94CD7DF81EE844ED00017743 /* slotBaseBad@2x.png in Resources */,
				94CD7DF31EE844ED00017743 /* ballYellow@2x.png in Resources */,
				94CD7DF71EE844ED00017743 /* slotBaseBad.png in Resources */,
				94CD7DE41EE844ED00017743 /* background.jpg in Resources */,
				94CD7DFA1EE844ED00017743 /* slotBaseGood@2x.png in Resources */,
				94CD7DF51EE844ED00017743 /* bouncer@2x.png in Resources */,
				94CD7DF01EE844ED00017743 /* ballRed.png in Resources */,
				94CD7DF61EE844ED00017743 /* FireParticles.sks in Resources */,
				94CD7DF11EE844ED00017743 /* ballRed@2x.png in Resources */,
				946891971EE43A8300AA1165 /* GameScene.sks in Resources */,
				94CD7DFB1EE844ED00017743 /* slotGlowBad.png in Resources */,
				946891A21EE43A8300AA1165 /* Assets.xcassets in Resources */,
				94CD7DF21EE844ED00017743 /* ballYellow.png in Resources */,
				94CD7DF41EE844ED00017743 /* bouncer.png in Resources */,
				94CD7DEA1EE844ED00017743 /* ballGreen.png in Resources */,
				94CD7DE51EE844ED00017743 /* background@2x.jpg in Resources */,
				946891A51EE43A8300AA1165 /* LaunchScreen.storyboard in Resources */,
				94CD7DEC1EE844ED00017743 /* ballGrey.png in Resources */,
				94CD7DEB1EE844ED00017743 /* ballGreen@2x.png in Resources */,
				94CD7DE91EE844ED00017743 /* ballCyan@2x.png in Resources */,
				94CD7DFE1EE844ED00017743 /* slotGlowGood@2x.png in Resources */,
				94CD7DFF1EE844ED00017743 /* spark.png in Resources */,
				94CD7DEE1EE844ED00017743 /* ballPurple.png in Resources */,
				94CD7DE71EE844ED00017743 /* ballBlue@2x.png in Resources */,
			);
			runOnlyForDeploymentPostprocessing = 0;
		};
/* End PBXResourcesBuildPhase section */

/* Begin PBXSourcesBuildPhase section */
		9468918D1EE43A8300AA1165 /* Sources */ = {
			isa = PBXSourcesBuildPhase;
			buildActionMask = 2147483647;
			files = (
				9468919B1EE43A8300AA1165 /* GameScene.swift in Sources */,
				9468919D1EE43A8300AA1165 /* GameViewController.swift in Sources */,
				946891951EE43A8300AA1165 /* AppDelegate.swift in Sources */,
				94F813781EE9487B00F9FBAE /* Helper.swift in Sources */,
			);
			runOnlyForDeploymentPostprocessing = 0;
		};
/* End PBXSourcesBuildPhase section */

/* Begin PBXVariantGroup section */
		9468919E1EE43A8300AA1165 /* Main.storyboard */ = {
			isa = PBXVariantGroup;
			children = (
				9468919F1EE43A8300AA1165 /* Base */,
			);
			name = Main.storyboard;
			sourceTree = "<group>";
		};
		946891A31EE43A8300AA1165 /* LaunchScreen.storyboard */ = {
			isa = PBXVariantGroup;
			children = (
				946891A41EE43A8300AA1165 /* Base */,
			);
			name = LaunchScreen.storyboard;
			sourceTree = "<group>";
		};
/* End PBXVariantGroup section */

/* Begin XCBuildConfiguration section */
		946891A71EE43A8300AA1165 /* Debug */ = {
			isa = XCBuildConfiguration;
			buildSettings = {
				ALWAYS_SEARCH_USER_PATHS = NO;
				CLANG_ANALYZER_NONNULL = YES;
				CLANG_ANALYZER_NUMBER_OBJECT_CONVERSION = YES_AGGRESSIVE;
				CLANG_CXX_LANGUAGE_STANDARD = "gnu++0x";
				CLANG_CXX_LIBRARY = "libc++";
				CLANG_ENABLE_MODULES = YES;
				CLANG_ENABLE_OBJC_ARC = YES;
				CLANG_WARN_BOOL_CONVERSION = YES;
				CLANG_WARN_CONSTANT_CONVERSION = YES;
				CLANG_WARN_DIRECT_OBJC_ISA_USAGE = YES_ERROR;
				CLANG_WARN_DOCUMENTATION_COMMENTS = YES;
				CLANG_WARN_EMPTY_BODY = YES;
				CLANG_WARN_ENUM_CONVERSION = YES;
				CLANG_WARN_INFINITE_RECURSION = YES;
				CLANG_WARN_INT_CONVERSION = YES;
				CLANG_WARN_OBJC_ROOT_CLASS = YES_ERROR;
				CLANG_WARN_SUSPICIOUS_MOVE = YES;
				CLANG_WARN_UNREACHABLE_CODE = YES;
				CLANG_WARN__DUPLICATE_METHOD_MATCH = YES;
				"CODE_SIGN_IDENTITY[sdk=iphoneos*]" = "iPhone Developer";
				COPY_PHASE_STRIP = NO;
				DEBUG_INFORMATION_FORMAT = dwarf;
				ENABLE_STRICT_OBJC_MSGSEND = YES;
				ENABLE_TESTABILITY = YES;
				GCC_C_LANGUAGE_STANDARD = gnu99;
				GCC_DYNAMIC_NO_PIC = NO;
				GCC_NO_COMMON_BLOCKS = YES;
				GCC_OPTIMIZATION_LEVEL = 0;
				GCC_PREPROCESSOR_DEFINITIONS = (
					"DEBUG=1",
					"$(inherited)",
				);
				GCC_WARN_64_TO_32_BIT_CONVERSION = YES;
				GCC_WARN_ABOUT_RETURN_TYPE = YES_ERROR;
				GCC_WARN_UNDECLARED_SELECTOR = YES;
				GCC_WARN_UNINITIALIZED_AUTOS = YES_AGGRESSIVE;
				GCC_WARN_UNUSED_FUNCTION = YES;
				GCC_WARN_UNUSED_VARIABLE = YES;
				IPHONEOS_DEPLOYMENT_TARGET = 10.3;
				MTL_ENABLE_DEBUG_INFO = YES;
				ONLY_ACTIVE_ARCH = YES;
				SDKROOT = iphoneos;
				SWIFT_ACTIVE_COMPILATION_CONDITIONS = DEBUG;
				SWIFT_OPTIMIZATION_LEVEL = "-Onone";
				TARGETED_DEVICE_FAMILY = 2;
			};
			name = Debug;
		};
		946891A81EE43A8300AA1165 /* Release */ = {
			isa = XCBuildConfiguration;
			buildSettings = {
				ALWAYS_SEARCH_USER_PATHS = NO;
				CLANG_ANALYZER_NONNULL = YES;
				CLANG_ANALYZER_NUMBER_OBJECT_CONVERSION = YES_AGGRESSIVE;
				CLANG_CXX_LANGUAGE_STANDARD = "gnu++0x";
				CLANG_CXX_LIBRARY = "libc++";
				CLANG_ENABLE_MODULES = YES;
				CLANG_ENABLE_OBJC_ARC = YES;
				CLANG_WARN_BOOL_CONVERSION = YES;
				CLANG_WARN_CONSTANT_CONVERSION = YES;
				CLANG_WARN_DIRECT_OBJC_ISA_USAGE = YES_ERROR;
				CLANG_WARN_DOCUMENTATION_COMMENTS = YES;
				CLANG_WARN_EMPTY_BODY = YES;
				CLANG_WARN_ENUM_CONVERSION = YES;
				CLANG_WARN_INFINITE_RECURSION = YES;
				CLANG_WARN_INT_CONVERSION = YES;
				CLANG_WARN_OBJC_ROOT_CLASS = YES_ERROR;
				CLANG_WARN_SUSPICIOUS_MOVE = YES;
				CLANG_WARN_UNREACHABLE_CODE = YES;
				CLANG_WARN__DUPLICATE_METHOD_MATCH = YES;
				"CODE_SIGN_IDENTITY[sdk=iphoneos*]" = "iPhone Developer";
				COPY_PHASE_STRIP = NO;
				DEBUG_INFORMATION_FORMAT = "dwarf-with-dsym";
				ENABLE_NS_ASSERTIONS = NO;
				ENABLE_STRICT_OBJC_MSGSEND = YES;
				GCC_C_LANGUAGE_STANDARD = gnu99;
				GCC_NO_COMMON_BLOCKS = YES;
				GCC_WARN_64_TO_32_BIT_CONVERSION = YES;
				GCC_WARN_ABOUT_RETURN_TYPE = YES_ERROR;
				GCC_WARN_UNDECLARED_SELECTOR = YES;
				GCC_WARN_UNINITIALIZED_AUTOS = YES_AGGRESSIVE;
				GCC_WARN_UNUSED_FUNCTION = YES;
				GCC_WARN_UNUSED_VARIABLE = YES;
				IPHONEOS_DEPLOYMENT_TARGET = 10.3;
				MTL_ENABLE_DEBUG_INFO = NO;
				SDKROOT = iphoneos;
				SWIFT_OPTIMIZATION_LEVEL = "-Owholemodule";
				TARGETED_DEVICE_FAMILY = 2;
				VALIDATE_PRODUCT = YES;
			};
			name = Release;
		};
		946891AA1EE43A8300AA1165 /* Debug */ = {
			isa = XCBuildConfiguration;
			buildSettings = {
				ASSETCATALOG_COMPILER_APPICON_NAME = AppIcon;
				DEVELOPMENT_TEAM = K373EY5YU9;
				INFOPLIST_FILE = Project11/Info.plist;
				LD_RUNPATH_SEARCH_PATHS = "$(inherited) @executable_path/Frameworks";
				PRODUCT_BUNDLE_IDENTIFIER = co.kurkuma.Project11;
				PRODUCT_NAME = "$(TARGET_NAME)";
				SWIFT_VERSION = 3.0;
			};
			name = Debug;
		};
		946891AB1EE43A8300AA1165 /* Release */ = {
			isa = XCBuildConfiguration;
			buildSettings = {
				ASSETCATALOG_COMPILER_APPICON_NAME = AppIcon;
				DEVELOPMENT_TEAM = K373EY5YU9;
				INFOPLIST_FILE = Project11/Info.plist;
				LD_RUNPATH_SEARCH_PATHS = "$(inherited) @executable_path/Frameworks";
				PRODUCT_BUNDLE_IDENTIFIER = co.kurkuma.Project11;
				PRODUCT_NAME = "$(TARGET_NAME)";
				SWIFT_VERSION = 3.0;
			};
			name = Release;
		};
/* End XCBuildConfiguration section */

/* Begin XCConfigurationList section */
		9468918C1EE43A8300AA1165 /* Build configuration list for PBXProject "Project11" */ = {
			isa = XCConfigurationList;
			buildConfigurations = (
				946891A71EE43A8300AA1165 /* Debug */,
				946891A81EE43A8300AA1165 /* Release */,
			);
			defaultConfigurationIsVisible = 0;
			defaultConfigurationName = Release;
		};
		946891A91EE43A8300AA1165 /* Build configuration list for PBXNativeTarget "Project11" */ = {
			isa = XCConfigurationList;
			buildConfigurations = (
				946891AA1EE43A8300AA1165 /* Debug */,
				946891AB1EE43A8300AA1165 /* Release */,
			);
			defaultConfigurationIsVisible = 0;
			defaultConfigurationName = Release;
		};
/* End XCConfigurationList section */
	};
	rootObject = 946891891EE43A8300AA1165 /* Project object */;
}
